// !$*UTF8*$!
{
	archiveVersion = 1;
	classes = {
	};
	objectVersion = 56;
	objects = {

/* Begin PBXBuildFile section */
		B97568F92C576221000ECEFD /* MapView.swift in Sources */ = {isa = PBXBuildFile; fileRef = B97568F82C576221000ECEFD /* MapView.swift */; };
		B97568FB2C5768F4000ECEFD /* landmarkData.json in Resources */ = {isa = PBXBuildFile; fileRef = B97568FA2C5768F4000ECEFD /* landmarkData.json */; };
		B97568FD2C576923000ECEFD /* Landmark.swift in Sources */ = {isa = PBXBuildFile; fileRef = B97568FC2C576923000ECEFD /* Landmark.swift */; };
		B97568FF2C576E5D000ECEFD /* ModelData.swift in Sources */ = {isa = PBXBuildFile; fileRef = B97568FE2C576E5D000ECEFD /* ModelData.swift */; };
		B97569052C577299000ECEFD /* LandmarkRow.swift in Sources */ = {isa = PBXBuildFile; fileRef = B97569042C577299000ECEFD /* LandmarkRow.swift */; };
		B97569072C57766C000ECEFD /* LandmarkList.swift in Sources */ = {isa = PBXBuildFile; fileRef = B97569062C57766C000ECEFD /* LandmarkList.swift */; };
		B97569092C577B95000ECEFD /* LandmarkDetail.swift in Sources */ = {isa = PBXBuildFile; fileRef = B97569082C577B95000ECEFD /* LandmarkDetail.swift */; };
		B975690B2C57A1B4000ECEFD /* FavoriteButton.swift in Sources */ = {isa = PBXBuildFile; fileRef = B975690A2C57A1B4000ECEFD /* FavoriteButton.swift */; };
		B9AE7B832C537C8200EC919E /* landmarksApp.swift in Sources */ = {isa = PBXBuildFile; fileRef = B9AE7B822C537C8200EC919E /* landmarksApp.swift */; };
		B9AE7B852C537C8200EC919E /* ContentView.swift in Sources */ = {isa = PBXBuildFile; fileRef = B9AE7B842C537C8200EC919E /* ContentView.swift */; };
		B9AE7B872C537C8300EC919E /* Assets.xcassets in Resources */ = {isa = PBXBuildFile; fileRef = B9AE7B862C537C8300EC919E /* Assets.xcassets */; };
		B9AE7B8A2C537C8300EC919E /* Preview Assets.xcassets in Resources */ = {isa = PBXBuildFile; fileRef = B9AE7B892C537C8300EC919E /* Preview Assets.xcassets */; };
		B9AE7B912C53FE7D00EC919E /* CircleImage.swift in Sources */ = {isa = PBXBuildFile; fileRef = B9AE7B902C53FE7D00EC919E /* CircleImage.swift */; };
/* End PBXBuildFile section */

/* Begin PBXFileReference section */
		B97568F82C576221000ECEFD /* MapView.swift */ = {isa = PBXFileReference; lastKnownFileType = sourcecode.swift; path = MapView.swift; sourceTree = "<group>"; };
		B97568FA2C5768F4000ECEFD /* landmarkData.json */ = {isa = PBXFileReference; fileEncoding = 4; lastKnownFileType = text.json; path = landmarkData.json; sourceTree = "<group>"; };
		B97568FC2C576923000ECEFD /* Landmark.swift */ = {isa = PBXFileReference; lastKnownFileType = sourcecode.swift; path = Landmark.swift; sourceTree = "<group>"; };
		B97568FE2C576E5D000ECEFD /* ModelData.swift */ = {isa = PBXFileReference; lastKnownFileType = sourcecode.swift; path = ModelData.swift; sourceTree = "<group>"; };
		B97569042C577299000ECEFD /* LandmarkRow.swift */ = {isa = PBXFileReference; lastKnownFileType = sourcecode.swift; path = LandmarkRow.swift; sourceTree = "<group>"; };
		B97569062C57766C000ECEFD /* LandmarkList.swift */ = {isa = PBXFileReference; lastKnownFileType = sourcecode.swift; path = LandmarkList.swift; sourceTree = "<group>"; };
		B97569082C577B95000ECEFD /* LandmarkDetail.swift */ = {isa = PBXFileReference; lastKnownFileType = sourcecode.swift; path = LandmarkDetail.swift; sourceTree = "<group>"; };
		B975690A2C57A1B4000ECEFD /* FavoriteButton.swift */ = {isa = PBXFileReference; lastKnownFileType = sourcecode.swift; path = FavoriteButton.swift; sourceTree = "<group>"; };
		B9AE7B7F2C537C8200EC919E /* landmarks.app */ = {isa = PBXFileReference; explicitFileType = wrapper.application; includeInIndex = 0; path = landmarks.app; sourceTree = BUILT_PRODUCTS_DIR; };
		B9AE7B822C537C8200EC919E /* landmarksApp.swift */ = {isa = PBXFileReference; lastKnownFileType = sourcecode.swift; path = landmarksApp.swift; sourceTree = "<group>"; };
		B9AE7B842C537C8200EC919E /* ContentView.swift */ = {isa = PBXFileReference; lastKnownFileType = sourcecode.swift; path = ContentView.swift; sourceTree = "<group>"; };
		B9AE7B862C537C8300EC919E /* Assets.xcassets */ = {isa = PBXFileReference; lastKnownFileType = folder.assetcatalog; path = Assets.xcassets; sourceTree = "<group>"; };
		B9AE7B892C537C8300EC919E /* Preview Assets.xcassets */ = {isa = PBXFileReference; lastKnownFileType = folder.assetcatalog; path = "Preview Assets.xcassets"; sourceTree = "<group>"; };
		B9AE7B902C53FE7D00EC919E /* CircleImage.swift */ = {isa = PBXFileReference; lastKnownFileType = sourcecode.swift; path = CircleImage.swift; sourceTree = "<group>"; };
/* End PBXFileReference section */

/* Begin PBXFrameworksBuildPhase section */
		B9AE7B7C2C537C8200EC919E /* Frameworks */ = {
			isa = PBXFrameworksBuildPhase;
			buildActionMask = 2147483647;
			files = (
			);
			runOnlyForDeploymentPostprocessing = 0;
		};
/* End PBXFrameworksBuildPhase section */

/* Begin PBXGroup section */
		B97569002C57711D000ECEFD /* Views */ = {
			isa = PBXGroup;
			children = (
				B9AE7B842C537C8200EC919E /* ContentView.swift */,
				B975690D2C57A332000ECEFD /* Landmarks */,
				B975690C2C57A305000ECEFD /* Helper */,
			);
			path = Views;
			sourceTree = "<group>";
		};
		B97569022C577203000ECEFD /* Model */ = {
			isa = PBXGroup;
			children = (
				B97568FC2C576923000ECEFD /* Landmark.swift */,
				B97568FE2C576E5D000ECEFD /* ModelData.swift */,
			);
			path = Model;
			sourceTree = "<group>";
		};
		B97569032C577220000ECEFD /* Resources */ = {
			isa = PBXGroup;
			children = (
				B97568FA2C5768F4000ECEFD /* landmarkData.json */,
			);
			path = Resources;
			sourceTree = "<group>";
		};
		B975690C2C57A305000ECEFD /* Helper */ = {
			isa = PBXGroup;
			children = (
				B975690A2C57A1B4000ECEFD /* FavoriteButton.swift */,
				B9AE7B902C53FE7D00EC919E /* CircleImage.swift */,
				B97568F82C576221000ECEFD /* MapView.swift */,
			);
			path = Helper;
			sourceTree = "<group>";
		};
		B975690D2C57A332000ECEFD /* Landmarks */ = {
			isa = PBXGroup;
			children = (
				B97569042C577299000ECEFD /* LandmarkRow.swift */,
				B97569062C57766C000ECEFD /* LandmarkList.swift */,
				B97569082C577B95000ECEFD /* LandmarkDetail.swift */,
			);
			path = Landmarks;
			sourceTree = "<group>";
		};
		B9AE7B762C537C8200EC919E = {
			isa = PBXGroup;
			children = (
				B9AE7B812C537C8200EC919E /* landmarks */,
				B9AE7B802C537C8200EC919E /* Products */,
			);
			sourceTree = "<group>";
		};
		B9AE7B802C537C8200EC919E /* Products */ = {
			isa = PBXGroup;
			children = (
				B9AE7B7F2C537C8200EC919E /* landmarks.app */,
			);
			name = Products;
			sourceTree = "<group>";
		};
		B9AE7B812C537C8200EC919E /* landmarks */ = {
			isa = PBXGroup;
			children = (
				B9AE7B822C537C8200EC919E /* landmarksApp.swift */,
				B97569002C57711D000ECEFD /* Views */,
				B97569022C577203000ECEFD /* Model */,
				B97569032C577220000ECEFD /* Resources */,
				B9AE7B862C537C8300EC919E /* Assets.xcassets */,
				B9AE7B882C537C8300EC919E /* Preview Content */,
			);
			path = landmarks;
			sourceTree = "<group>";
		};
		B9AE7B882C537C8300EC919E /* Preview Content */ = {
			isa = PBXGroup;
			children = (
				B9AE7B892C537C8300EC919E /* Preview Assets.xcassets */,
			);
			path = "Preview Content";
			sourceTree = "<group>";
		};
/* End PBXGroup section */

/* Begin PBXNativeTarget section */
		B9AE7B7E2C537C8200EC919E /* landmarks */ = {
			isa = PBXNativeTarget;
			buildConfigurationList = B9AE7B8D2C537C8300EC919E /* Build configuration list for PBXNativeTarget "landmarks" */;
			buildPhases = (
				B9AE7B7B2C537C8200EC919E /* Sources */,
				B9AE7B7C2C537C8200EC919E /* Frameworks */,
				B9AE7B7D2C537C8200EC919E /* Resources */,
			);
			buildRules = (
			);
			dependencies = (
			);
			name = landmarks;
			productName = landmarks;
			productReference = B9AE7B7F2C537C8200EC919E /* landmarks.app */;
			productType = "com.apple.product-type.application";
		};
/* End PBXNativeTarget section */

/* Begin PBXProject section */
		B9AE7B772C537C8200EC919E /* Project object */ = {
			isa = PBXProject;
			attributes = {
				BuildIndependentTargetsInParallel = 1;
				LastSwiftUpdateCheck = 1540;
				LastUpgradeCheck = 1540;
				TargetAttributes = {
					B9AE7B7E2C537C8200EC919E = {
						CreatedOnToolsVersion = 15.4;
					};
				};
			};
			buildConfigurationList = B9AE7B7A2C537C8200EC919E /* Build configuration list for PBXProject "landmarks" */;
			compatibilityVersion = "Xcode 14.0";
			developmentRegion = en;
			hasScannedForEncodings = 0;
			knownRegions = (
				en,
				Base,
			);
			mainGroup = B9AE7B762C537C8200EC919E;
			productRefGroup = B9AE7B802C537C8200EC919E /* Products */;
			projectDirPath = "";
			projectRoot = "";
			targets = (
				B9AE7B7E2C537C8200EC919E /* landmarks */,
			);
		};
/* End PBXProject section */

/* Begin PBXResourcesBuildPhase section */
		B9AE7B7D2C537C8200EC919E /* Resources */ = {
			isa = PBXResourcesBuildPhase;
			buildActionMask = 2147483647;
			files = (
				B9AE7B8A2C537C8300EC919E /* Preview Assets.xcassets in Resources */,
				B9AE7B872C537C8300EC919E /* Assets.xcassets in Resources */,
				B97568FB2C5768F4000ECEFD /* landmarkData.json in Resources */,
			);
			runOnlyForDeploymentPostprocessing = 0;
		};
/* End PBXResourcesBuildPhase section */

/* Begin PBXSourcesBuildPhase section */
		B9AE7B7B2C537C8200EC919E /* Sources */ = {
			isa = PBXSourcesBuildPhase;
			buildActionMask = 2147483647;
			files = (
				B9AE7B852C537C8200EC919E /* ContentView.swift in Sources */,
				B97568F92C576221000ECEFD /* MapView.swift in Sources */,
				B9AE7B832C537C8200EC919E /* landmarksApp.swift in Sources */,
				B975690B2C57A1B4000ECEFD /* FavoriteButton.swift in Sources */,
				B97569072C57766C000ECEFD /* LandmarkList.swift in Sources */,
				B97569092C577B95000ECEFD /* LandmarkDetail.swift in Sources */,
				B9AE7B912C53FE7D00EC919E /* CircleImage.swift in Sources */,
				B97568FD2C576923000ECEFD /* Landmark.swift in Sources */,
				B97569052C577299000ECEFD /* LandmarkRow.swift in Sources */,
				B97568FF2C576E5D000ECEFD /* ModelData.swift in Sources */,
			);
			runOnlyForDeploymentPostprocessing = 0;
		};
/* End PBXSourcesBuildPhase section */

/* Begin XCBuildConfiguration section */
		B9AE7B8B2C537C8300EC919E /* Debug */ = {
			isa = XCBuildConfiguration;
			buildSettings = {
				ALWAYS_SEARCH_USER_PATHS = NO;
				ASSETCATALOG_COMPILER_GENERATE_SWIFT_ASSET_SYMBOL_EXTENSIONS = YES;
				CLANG_ANALYZER_NONNULL = YES;
				CLANG_ANALYZER_NUMBER_OBJECT_CONVERSION = YES_AGGRESSIVE;
				CLANG_CXX_LANGUAGE_STANDARD = "gnu++20";
				CLANG_ENABLE_MODULES = YES;
				CLANG_ENABLE_OBJC_ARC = YES;
				CLANG_ENABLE_OBJC_WEAK = YES;
				CLANG_WARN_BLOCK_CAPTURE_AUTORELEASING = YES;
				CLANG_WARN_BOOL_CONVERSION = YES;
				CLANG_WARN_COMMA = YES;
				CLANG_WARN_CONSTANT_CONVERSION = YES;
				CLANG_WARN_DEPRECATED_OBJC_IMPLEMENTATIONS = YES;
				CLANG_WARN_DIRECT_OBJC_ISA_USAGE = YES_ERROR;
				CLANG_WARN_DOCUMENTATION_COMMENTS = YES;
				CLANG_WARN_EMPTY_BODY = YES;
				CLANG_WARN_ENUM_CONVERSION = YES;
				CLANG_WARN_INFINITE_RECURSION = YES;
				CLANG_WARN_INT_CONVERSION = YES;
				CLANG_WARN_NON_LITERAL_NULL_CONVERSION = YES;
				CLANG_WARN_OBJC_IMPLICIT_RETAIN_SELF = YES;
				CLANG_WARN_OBJC_LITERAL_CONVERSION = YES;
				CLANG_WARN_OBJC_ROOT_CLASS = YES_ERROR;
				CLANG_WARN_QUOTED_INCLUDE_IN_FRAMEWORK_HEADER = YES;
				CLANG_WARN_RANGE_LOOP_ANALYSIS = YES;
				CLANG_WARN_STRICT_PROTOTYPES = YES;
				CLANG_WARN_SUSPICIOUS_MOVE = YES;
				CLANG_WARN_UNGUARDED_AVAILABILITY = YES_AGGRESSIVE;
				CLANG_WARN_UNREACHABLE_CODE = YES;
				CLANG_WARN__DUPLICATE_METHOD_MATCH = YES;
				COPY_PHASE_STRIP = NO;
				DEBUG_INFORMATION_FORMAT = dwarf;
				ENABLE_STRICT_OBJC_MSGSEND = YES;
				ENABLE_TESTABILITY = YES;
				ENABLE_USER_SCRIPT_SANDBOXING = YES;
				GCC_C_LANGUAGE_STANDARD = gnu17;
				GCC_DYNAMIC_NO_PIC = NO;
				GCC_NO_COMMON_BLOCKS = YES;
				GCC_OPTIMIZATION_LEVEL = 0;
				GCC_PREPROCESSOR_DEFINITIONS = (
					"DEBUG=1",
					"$(inherited)",
				);
				GCC_WARN_64_TO_32_BIT_CONVERSION = YES;
				GCC_WARN_ABOUT_RETURN_TYPE = YES_ERROR;
				GCC_WARN_UNDECLARED_SELECTOR = YES;
				GCC_WARN_UNINITIALIZED_AUTOS = YES_AGGRESSIVE;
				GCC_WARN_UNUSED_FUNCTION = YES;
				GCC_WARN_UNUSED_VARIABLE = YES;
				IPHONEOS_DEPLOYMENT_TARGET = 17.5;
				LOCALIZATION_PREFERS_STRING_CATALOGS = YES;
				MTL_ENABLE_DEBUG_INFO = INCLUDE_SOURCE;
				MTL_FAST_MATH = YES;
				ONLY_ACTIVE_ARCH = YES;
				SDKROOT = iphoneos;
				SWIFT_ACTIVE_COMPILATION_CONDITIONS = "DEBUG $(inherited)";
				SWIFT_OPTIMIZATION_LEVEL = "-Onone";
			};
			name = Debug;
		};
		B9AE7B8C2C537C8300EC919E /* Release */ = {
			isa = XCBuildConfiguration;
			buildSettings = {
				ALWAYS_SEARCH_USER_PATHS = NO;
				ASSETCATALOG_COMPILER_GENERATE_SWIFT_ASSET_SYMBOL_EXTENSIONS = YES;
				CLANG_ANALYZER_NONNULL = YES;
				CLANG_ANALYZER_NUMBER_OBJECT_CONVERSION = YES_AGGRESSIVE;
				CLANG_CXX_LANGUAGE_STANDARD = "gnu++20";
				CLANG_ENABLE_MODULES = YES;
				CLANG_ENABLE_OBJC_ARC = YES;
				CLANG_ENABLE_OBJC_WEAK = YES;
				CLANG_WARN_BLOCK_CAPTURE_AUTORELEASING = YES;
				CLANG_WARN_BOOL_CONVERSION = YES;
				CLANG_WARN_COMMA = YES;
				CLANG_WARN_CONSTANT_CONVERSION = YES;
				CLANG_WARN_DEPRECATED_OBJC_IMPLEMENTATIONS = YES;
				CLANG_WARN_DIRECT_OBJC_ISA_USAGE = YES_ERROR;
				CLANG_WARN_DOCUMENTATION_COMMENTS = YES;
				CLANG_WARN_EMPTY_BODY = YES;
				CLANG_WARN_ENUM_CONVERSION = YES;
				CLANG_WARN_INFINITE_RECURSION = YES;
				CLANG_WARN_INT_CONVERSION = YES;
				CLANG_WARN_NON_LITERAL_NULL_CONVERSION = YES;
				CLANG_WARN_OBJC_IMPLICIT_RETAIN_SELF = YES;
				CLANG_WARN_OBJC_LITERAL_CONVERSION = YES;
				CLANG_WARN_OBJC_ROOT_CLASS = YES_ERROR;
				CLANG_WARN_QUOTED_INCLUDE_IN_FRAMEWORK_HEADER = YES;
				CLANG_WARN_RANGE_LOOP_ANALYSIS = YES;
				CLANG_WARN_STRICT_PROTOTYPES = YES;
				CLANG_WARN_SUSPICIOUS_MOVE = YES;
				CLANG_WARN_UNGUARDED_AVAILABILITY = YES_AGGRESSIVE;
				CLANG_WARN_UNREACHABLE_CODE = YES;
				CLANG_WARN__DUPLICATE_METHOD_MATCH = YES;
				COPY_PHASE_STRIP = NO;
				DEBUG_INFORMATION_FORMAT = "dwarf-with-dsym";
				ENABLE_NS_ASSERTIONS = NO;
				ENABLE_STRICT_OBJC_MSGSEND = YES;
				ENABLE_USER_SCRIPT_SANDBOXING = YES;
				GCC_C_LANGUAGE_STANDARD = gnu17;
				GCC_NO_COMMON_BLOCKS = YES;
				GCC_WARN_64_TO_32_BIT_CONVERSION = YES;
				GCC_WARN_ABOUT_RETURN_TYPE = YES_ERROR;
				GCC_WARN_UNDECLARED_SELECTOR = YES;
				GCC_WARN_UNINITIALIZED_AUTOS = YES_AGGRESSIVE;
				GCC_WARN_UNUSED_FUNCTION = YES;
				GCC_WARN_UNUSED_VARIABLE = YES;
				IPHONEOS_DEPLOYMENT_TARGET = 17.5;
				LOCALIZATION_PREFERS_STRING_CATALOGS = YES;
				MTL_ENABLE_DEBUG_INFO = NO;
				MTL_FAST_MATH = YES;
				SDKROOT = iphoneos;
				SWIFT_COMPILATION_MODE = wholemodule;
				VALIDATE_PRODUCT = YES;
			};
			name = Release;
		};
		B9AE7B8E2C537C8300EC919E /* Debug */ = {
			isa = XCBuildConfiguration;
			buildSettings = {
				ASSETCATALOG_COMPILER_APPICON_NAME = AppIcon;
				ASSETCATALOG_COMPILER_GLOBAL_ACCENT_COLOR_NAME = AccentColor;
				CODE_SIGN_STYLE = Automatic;
				CURRENT_PROJECT_VERSION = 1;
				DEVELOPMENT_ASSET_PATHS = "\"landmarks/Preview Content\"";
				ENABLE_PREVIEWS = YES;
				GENERATE_INFOPLIST_FILE = YES;
				INFOPLIST_KEY_UIApplicationSceneManifest_Generation = YES;
				INFOPLIST_KEY_UIApplicationSupportsIndirectInputEvents = YES;
				INFOPLIST_KEY_UILaunchScreen_Generation = YES;
				INFOPLIST_KEY_UISupportedInterfaceOrientations_iPad = "UIInterfaceOrientationPortrait UIInterfaceOrientationPortraitUpsideDown UIInterfaceOrientationLandscapeLeft UIInterfaceOrientationLandscapeRight";
				INFOPLIST_KEY_UISupportedInterfaceOrientations_iPhone = "UIInterfaceOrientationPortrait UIInterfaceOrientationLandscapeLeft UIInterfaceOrientationLandscapeRight";
				LD_RUNPATH_SEARCH_PATHS = (
					"$(inherited)",
					"@executable_path/Frameworks",
				);
				MARKETING_VERSION = 1.0;
				PRODUCT_BUNDLE_IDENTIFIER = zopsmart.landmarks;
				PRODUCT_NAME = "$(TARGET_NAME)";
				SWIFT_EMIT_LOC_STRINGS = YES;
				SWIFT_VERSION = 5.0;
				TARGETED_DEVICE_FAMILY = "1,2";
			};
			name = Debug;
		};
		B9AE7B8F2C537C8300EC919E /* Release */ = {
			isa = XCBuildConfiguration;
			buildSettings = {
				ASSETCATALOG_COMPILER_APPICON_NAME = AppIcon;
				ASSETCATALOG_COMPILER_GLOBAL_ACCENT_COLOR_NAME = AccentColor;
				CODE_SIGN_STYLE = Automatic;
				CURRENT_PROJECT_VERSION = 1;
				DEVELOPMENT_ASSET_PATHS = "\"landmarks/Preview Content\"";
				ENABLE_PREVIEWS = YES;
				GENERATE_INFOPLIST_FILE = YES;
				INFOPLIST_KEY_UIApplicationSceneManifest_Generation = YES;
				INFOPLIST_KEY_UIApplicationSupportsIndirectInputEvents = YES;
				INFOPLIST_KEY_UILaunchScreen_Generation = YES;
				INFOPLIST_KEY_UISupportedInterfaceOrientations_iPad = "UIInterfaceOrientationPortrait UIInterfaceOrientationPortraitUpsideDown UIInterfaceOrientationLandscapeLeft UIInterfaceOrientationLandscapeRight";
				INFOPLIST_KEY_UISupportedInterfaceOrientations_iPhone = "UIInterfaceOrientationPortrait UIInterfaceOrientationLandscapeLeft UIInterfaceOrientationLandscapeRight";
				LD_RUNPATH_SEARCH_PATHS = (
					"$(inherited)",
					"@executable_path/Frameworks",
				);
				MARKETING_VERSION = 1.0;
				PRODUCT_BUNDLE_IDENTIFIER = zopsmart.landmarks;
				PRODUCT_NAME = "$(TARGET_NAME)";
				SWIFT_EMIT_LOC_STRINGS = YES;
				SWIFT_VERSION = 5.0;
				TARGETED_DEVICE_FAMILY = "1,2";
			};
			name = Release;
		};
/* End XCBuildConfiguration section */

/* Begin XCConfigurationList section */
		B9AE7B7A2C537C8200EC919E /* Build configuration list for PBXProject "landmarks" */ = {
			isa = XCConfigurationList;
			buildConfigurations = (
				B9AE7B8B2C537C8300EC919E /* Debug */,
				B9AE7B8C2C537C8300EC919E /* Release */,
			);
			defaultConfigurationIsVisible = 0;
			defaultConfigurationName = Release;
		};
		B9AE7B8D2C537C8300EC919E /* Build configuration list for PBXNativeTarget "landmarks" */ = {
			isa = XCConfigurationList;
			buildConfigurations = (
				B9AE7B8E2C537C8300EC919E /* Debug */,
				B9AE7B8F2C537C8300EC919E /* Release */,
			);
			defaultConfigurationIsVisible = 0;
			defaultConfigurationName = Release;
		};
/* End XCConfigurationList section */
	};
	rootObject = B9AE7B772C537C8200EC919E /* Project object */;
}
